// !$*UTF8*$!
{
	archiveVersion = 1;
	classes = {
	};
	objectVersion = 56;
	objects = {

/* Begin PBXBuildFile section */
		A392DE992A1C9ADC005D65DF /* AppDelegate.swift in Sources */ = {isa = PBXBuildFile; fileRef = A392DE982A1C9ADC005D65DF /* AppDelegate.swift */; };
		A392DE9B2A1C9ADC005D65DF /* SceneDelegate.swift in Sources */ = {isa = PBXBuildFile; fileRef = A392DE9A2A1C9ADC005D65DF /* SceneDelegate.swift */; };
		A392DEA22A1C9ADD005D65DF /* Assets.xcassets in Resources */ = {isa = PBXBuildFile; fileRef = A392DEA12A1C9ADD005D65DF /* Assets.xcassets */; };
		A392DEA52A1C9ADD005D65DF /* LaunchScreen.storyboard in Resources */ = {isa = PBXBuildFile; fileRef = A392DEA32A1C9ADD005D65DF /* LaunchScreen.storyboard */; };
		A392DEC12A24A1B8005D65DF /* FontLiterals.swift in Sources */ = {isa = PBXBuildFile; fileRef = A392DEC02A24A1B8005D65DF /* FontLiterals.swift */; };
		A392DEC42A25C87C005D65DF /* SnapKit in Frameworks */ = {isa = PBXBuildFile; productRef = A392DEC32A25C87C005D65DF /* SnapKit */; };
		A392DEC72A25C888005D65DF /* Then in Frameworks */ = {isa = PBXBuildFile; productRef = A392DEC62A25C888005D65DF /* Then */; };
		A392DECA2A25C94D005D65DF /* Moya in Frameworks */ = {isa = PBXBuildFile; productRef = A392DEC92A25C94D005D65DF /* Moya */; };
		A392DECD2A25C95F005D65DF /* Kingfisher in Frameworks */ = {isa = PBXBuildFile; productRef = A392DECC2A25C95F005D65DF /* Kingfisher */; };
		A392DED32A25CA5E005D65DF /* Config.swift in Sources */ = {isa = PBXBuildFile; fileRef = A392DED22A25CA5E005D65DF /* Config.swift */; };
		A392DED52A25CADA005D65DF /* RecipeRouter.swift in Sources */ = {isa = PBXBuildFile; fileRef = A392DED42A25CADA005D65DF /* RecipeRouter.swift */; };
		A392DED82A25CBF1005D65DF /* RecipeResponseDto.swift in Sources */ = {isa = PBXBuildFile; fileRef = A392DED72A25CBF1005D65DF /* RecipeResponseDto.swift */; };
		A392DEDA2A25D0FE005D65DF /* BaseResponse.swift in Sources */ = {isa = PBXBuildFile; fileRef = A392DED92A25D0FE005D65DF /* BaseResponse.swift */; };
		A392DEDC2A25D19E005D65DF /* RecipeVC.swift in Sources */ = {isa = PBXBuildFile; fileRef = A392DEDB2A25D19E005D65DF /* RecipeVC.swift */; };
		A392DEDE2A262A75005D65DF /* ImageLiterals.swift in Sources */ = {isa = PBXBuildFile; fileRef = A392DEDD2A262A75005D65DF /* ImageLiterals.swift */; };
		A392DEE02A262AF1005D65DF /* ColorLiterals.swift in Sources */ = {isa = PBXBuildFile; fileRef = A392DEDF2A262AF1005D65DF /* ColorLiterals.swift */; };
		A392DEE42A262D0C005D65DF /* UIView+.swift in Sources */ = {isa = PBXBuildFile; fileRef = A392DEE32A262D0C005D65DF /* UIView+.swift */; };
		A392DEE92A262FBB005D65DF /* Pretendard-Bold.otf in Resources */ = {isa = PBXBuildFile; fileRef = A392DEE52A262FBB005D65DF /* Pretendard-Bold.otf */; };
		A392DEEA2A262FBB005D65DF /* Pretendard-SemiBold.otf in Resources */ = {isa = PBXBuildFile; fileRef = A392DEE62A262FBB005D65DF /* Pretendard-SemiBold.otf */; };
		A392DEEB2A262FBB005D65DF /* Pretendard-Medium.otf in Resources */ = {isa = PBXBuildFile; fileRef = A392DEE72A262FBB005D65DF /* Pretendard-Medium.otf */; };
		A392DEEC2A262FBB005D65DF /* Pretendard-Regular.otf in Resources */ = {isa = PBXBuildFile; fileRef = A392DEE82A262FBB005D65DF /* Pretendard-Regular.otf */; };
		A392DEEE2A2638B3005D65DF /* LoadingVC.swift in Sources */ = {isa = PBXBuildFile; fileRef = A392DEED2A2638B3005D65DF /* LoadingVC.swift */; };
		A392DEF12A263960005D65DF /* Lottie in Frameworks */ = {isa = PBXBuildFile; productRef = A392DEF02A263960005D65DF /* Lottie */; };
		A392DEF32A263AE0005D65DF /* loading.json in Resources */ = {isa = PBXBuildFile; fileRef = A392DEF22A263AE0005D65DF /* loading.json */; };
/* End PBXBuildFile section */

/* Begin PBXFileReference section */
		A392DE952A1C9ADC005D65DF /* 2023-ML-Project.app */ = {isa = PBXFileReference; explicitFileType = wrapper.application; includeInIndex = 0; path = "2023-ML-Project.app"; sourceTree = BUILT_PRODUCTS_DIR; };
		A392DE982A1C9ADC005D65DF /* AppDelegate.swift */ = {isa = PBXFileReference; lastKnownFileType = sourcecode.swift; path = AppDelegate.swift; sourceTree = "<group>"; };
		A392DE9A2A1C9ADC005D65DF /* SceneDelegate.swift */ = {isa = PBXFileReference; lastKnownFileType = sourcecode.swift; path = SceneDelegate.swift; sourceTree = "<group>"; };
		A392DEA12A1C9ADD005D65DF /* Assets.xcassets */ = {isa = PBXFileReference; lastKnownFileType = folder.assetcatalog; path = Assets.xcassets; sourceTree = "<group>"; };
		A392DEA42A1C9ADD005D65DF /* Base */ = {isa = PBXFileReference; lastKnownFileType = file.storyboard; name = Base; path = Base.lproj/LaunchScreen.storyboard; sourceTree = "<group>"; };
		A392DEA62A1C9ADD005D65DF /* Info.plist */ = {isa = PBXFileReference; lastKnownFileType = text.plist.xml; path = Info.plist; sourceTree = "<group>"; };
		A392DEC02A24A1B8005D65DF /* FontLiterals.swift */ = {isa = PBXFileReference; lastKnownFileType = sourcecode.swift; path = FontLiterals.swift; sourceTree = "<group>"; };
		A392DED22A25CA5E005D65DF /* Config.swift */ = {isa = PBXFileReference; lastKnownFileType = sourcecode.swift; path = Config.swift; sourceTree = "<group>"; };
		A392DED42A25CADA005D65DF /* RecipeRouter.swift */ = {isa = PBXFileReference; lastKnownFileType = sourcecode.swift; path = RecipeRouter.swift; sourceTree = "<group>"; };
		A392DED72A25CBF1005D65DF /* RecipeResponseDto.swift */ = {isa = PBXFileReference; lastKnownFileType = sourcecode.swift; path = RecipeResponseDto.swift; sourceTree = "<group>"; };
		A392DED92A25D0FE005D65DF /* BaseResponse.swift */ = {isa = PBXFileReference; lastKnownFileType = sourcecode.swift; path = BaseResponse.swift; sourceTree = "<group>"; };
		A392DEDB2A25D19E005D65DF /* RecipeVC.swift */ = {isa = PBXFileReference; lastKnownFileType = sourcecode.swift; path = RecipeVC.swift; sourceTree = "<group>"; };
		A392DEDD2A262A75005D65DF /* ImageLiterals.swift */ = {isa = PBXFileReference; lastKnownFileType = sourcecode.swift; path = ImageLiterals.swift; sourceTree = "<group>"; };
		A392DEDF2A262AF1005D65DF /* ColorLiterals.swift */ = {isa = PBXFileReference; lastKnownFileType = sourcecode.swift; path = ColorLiterals.swift; sourceTree = "<group>"; };
		A392DEE32A262D0C005D65DF /* UIView+.swift */ = {isa = PBXFileReference; lastKnownFileType = sourcecode.swift; path = "UIView+.swift"; sourceTree = "<group>"; };
		A392DEE52A262FBB005D65DF /* Pretendard-Bold.otf */ = {isa = PBXFileReference; lastKnownFileType = file; path = "Pretendard-Bold.otf"; sourceTree = "<group>"; };
		A392DEE62A262FBB005D65DF /* Pretendard-SemiBold.otf */ = {isa = PBXFileReference; lastKnownFileType = file; path = "Pretendard-SemiBold.otf"; sourceTree = "<group>"; };
		A392DEE72A262FBB005D65DF /* Pretendard-Medium.otf */ = {isa = PBXFileReference; lastKnownFileType = file; path = "Pretendard-Medium.otf"; sourceTree = "<group>"; };
		A392DEE82A262FBB005D65DF /* Pretendard-Regular.otf */ = {isa = PBXFileReference; lastKnownFileType = file; path = "Pretendard-Regular.otf"; sourceTree = "<group>"; };
		A392DEED2A2638B3005D65DF /* LoadingVC.swift */ = {isa = PBXFileReference; lastKnownFileType = sourcecode.swift; path = LoadingVC.swift; sourceTree = "<group>"; };
		A392DEF22A263AE0005D65DF /* loading.json */ = {isa = PBXFileReference; fileEncoding = 4; lastKnownFileType = text.json; path = loading.json; sourceTree = "<group>"; };
/* End PBXFileReference section */

/* Begin PBXFrameworksBuildPhase section */
		A392DE922A1C9ADB005D65DF /* Frameworks */ = {
			isa = PBXFrameworksBuildPhase;
			buildActionMask = 2147483647;
			files = (
				A392DEF12A263960005D65DF /* Lottie in Frameworks */,
				A392DECD2A25C95F005D65DF /* Kingfisher in Frameworks */,
				A392DEC42A25C87C005D65DF /* SnapKit in Frameworks */,
				A392DEC72A25C888005D65DF /* Then in Frameworks */,
				A392DECA2A25C94D005D65DF /* Moya in Frameworks */,
			);
			runOnlyForDeploymentPostprocessing = 0;
		};
/* End PBXFrameworksBuildPhase section */

/* Begin PBXGroup section */
		A392DE8C2A1C9ADB005D65DF = {
			isa = PBXGroup;
			children = (
				A392DE972A1C9ADC005D65DF /* 2023-ML-Project */,
				A392DE962A1C9ADC005D65DF /* Products */,
			);
			sourceTree = "<group>";
		};
		A392DE962A1C9ADC005D65DF /* Products */ = {
			isa = PBXGroup;
			children = (
				A392DE952A1C9ADC005D65DF /* 2023-ML-Project.app */,
			);
			name = Products;
			sourceTree = "<group>";
		};
		A392DE972A1C9ADC005D65DF /* 2023-ML-Project */ = {
			isa = PBXGroup;
			children = (
				A392DEAC2A1C9B29005D65DF /* Global */,
				A392DEAD2A1C9B34005D65DF /* Network */,
				A392DEAE2A1C9B3D005D65DF /* Presentation */,
				A392DEA62A1C9ADD005D65DF /* Info.plist */,
			);
			path = "2023-ML-Project";
			sourceTree = "<group>";
		};
		A392DEAC2A1C9B29005D65DF /* Global */ = {
			isa = PBXGroup;
			children = (
				A392DEB52A1C9C75005D65DF /* UIComponents */,
				A392DEB22A1C9BBA005D65DF /* Literal */,
				A392DEB32A1C9BFC005D65DF /* Resource */,
				A392DEB12A1C9BAE005D65DF /* Supports */,
				A392DEB02A1C9B75005D65DF /* Extension */,
				A392DEAF2A1C9B67005D65DF /* Utils */,
			);
			path = Global;
			sourceTree = "<group>";
		};
		A392DEAD2A1C9B34005D65DF /* Network */ = {
			isa = PBXGroup;
			children = (
				A392DED22A25CA5E005D65DF /* Config.swift */,
				A392DED42A25CADA005D65DF /* RecipeRouter.swift */,
				A392DED72A25CBF1005D65DF /* RecipeResponseDto.swift */,
			);
			path = Network;
			sourceTree = "<group>";
		};
		A392DEAE2A1C9B3D005D65DF /* Presentation */ = {
			isa = PBXGroup;
			children = (
				A392DEDB2A25D19E005D65DF /* RecipeVC.swift */,
				A392DEED2A2638B3005D65DF /* LoadingVC.swift */,
			);
			path = Presentation;
			sourceTree = "<group>";
		};
		A392DEAF2A1C9B67005D65DF /* Utils */ = {
			isa = PBXGroup;
			children = (
				A392DED92A25D0FE005D65DF /* BaseResponse.swift */,
			);
			path = Utils;
			sourceTree = "<group>";
		};
		A392DEB02A1C9B75005D65DF /* Extension */ = {
			isa = PBXGroup;
			children = (
				A392DEE32A262D0C005D65DF /* UIView+.swift */,
			);
			path = Extension;
			sourceTree = "<group>";
		};
		A392DEB12A1C9BAE005D65DF /* Supports */ = {
			isa = PBXGroup;
			children = (
				A392DEA32A1C9ADD005D65DF /* LaunchScreen.storyboard */,
				A392DE9A2A1C9ADC005D65DF /* SceneDelegate.swift */,
				A392DE982A1C9ADC005D65DF /* AppDelegate.swift */,
			);
			path = Supports;
			sourceTree = "<group>";
		};
		A392DEB22A1C9BBA005D65DF /* Literal */ = {
			isa = PBXGroup;
			children = (
				A392DEC02A24A1B8005D65DF /* FontLiterals.swift */,
				A392DEDD2A262A75005D65DF /* ImageLiterals.swift */,
				A392DEDF2A262AF1005D65DF /* ColorLiterals.swift */,
				A392DEF22A263AE0005D65DF /* loading.json */,
			);
			path = Literal;
			sourceTree = "<group>";
		};
		A392DEB32A1C9BFC005D65DF /* Resource */ = {
			isa = PBXGroup;
			children = (
				A392DEA12A1C9ADD005D65DF /* Assets.xcassets */,
				A392DEB42A1C9C48005D65DF /* Fonts */,
			);
			path = Resource;
			sourceTree = "<group>";
		};
		A392DEB42A1C9C48005D65DF /* Fonts */ = {
			isa = PBXGroup;
			children = (
				A392DEE52A262FBB005D65DF /* Pretendard-Bold.otf */,
				A392DEE72A262FBB005D65DF /* Pretendard-Medium.otf */,
				A392DEE82A262FBB005D65DF /* Pretendard-Regular.otf */,
				A392DEE62A262FBB005D65DF /* Pretendard-SemiBold.otf */,
			);
			path = Fonts;
			sourceTree = "<group>";
		};
		A392DEB52A1C9C75005D65DF /* UIComponents */ = {
			isa = PBXGroup;
			children = (
			);
			path = UIComponents;
			sourceTree = "<group>";
		};
/* End PBXGroup section */

/* Begin PBXNativeTarget section */
		A392DE942A1C9ADB005D65DF /* 2023-ML-Project */ = {
			isa = PBXNativeTarget;
			buildConfigurationList = A392DEA92A1C9ADD005D65DF /* Build configuration list for PBXNativeTarget "2023-ML-Project" */;
			buildPhases = (
				A392DE912A1C9ADB005D65DF /* Sources */,
				A392DE922A1C9ADB005D65DF /* Frameworks */,
				A392DE932A1C9ADB005D65DF /* Resources */,
			);
			buildRules = (
			);
			dependencies = (
			);
			name = "2023-ML-Project";
			packageProductDependencies = (
				A392DEC32A25C87C005D65DF /* SnapKit */,
				A392DEC62A25C888005D65DF /* Then */,
				A392DEC92A25C94D005D65DF /* Moya */,
				A392DECC2A25C95F005D65DF /* Kingfisher */,
				A392DEF02A263960005D65DF /* Lottie */,
			);
			productName = "2023-ML-Project";
			productReference = A392DE952A1C9ADC005D65DF /* 2023-ML-Project.app */;
			productType = "com.apple.product-type.application";
		};
/* End PBXNativeTarget section */

/* Begin PBXProject section */
		A392DE8D2A1C9ADB005D65DF /* Project object */ = {
			isa = PBXProject;
			attributes = {
				BuildIndependentTargetsInParallel = 1;
				LastSwiftUpdateCheck = 1430;
				LastUpgradeCheck = 1430;
				TargetAttributes = {
					A392DE942A1C9ADB005D65DF = {
						CreatedOnToolsVersion = 14.3;
					};
				};
			};
			buildConfigurationList = A392DE902A1C9ADB005D65DF /* Build configuration list for PBXProject "2023-ML-Project" */;
			compatibilityVersion = "Xcode 14.0";
			developmentRegion = en;
			hasScannedForEncodings = 0;
			knownRegions = (
				en,
				Base,
			);
			mainGroup = A392DE8C2A1C9ADB005D65DF;
			packageReferences = (
				A392DEC22A25C87C005D65DF /* XCRemoteSwiftPackageReference "SnapKit" */,
				A392DEC52A25C888005D65DF /* XCRemoteSwiftPackageReference "Then" */,
				A392DEC82A25C94D005D65DF /* XCRemoteSwiftPackageReference "Moya" */,
				A392DECB2A25C95F005D65DF /* XCRemoteSwiftPackageReference "Kingfisher" */,
				A392DEEF2A263960005D65DF /* XCRemoteSwiftPackageReference "lottie-ios" */,
			);
			productRefGroup = A392DE962A1C9ADC005D65DF /* Products */;
			projectDirPath = "";
			projectRoot = "";
			targets = (
				A392DE942A1C9ADB005D65DF /* 2023-ML-Project */,
			);
		};
/* End PBXProject section */

/* Begin PBXResourcesBuildPhase section */
		A392DE932A1C9ADB005D65DF /* Resources */ = {
			isa = PBXResourcesBuildPhase;
			buildActionMask = 2147483647;
			files = (
				A392DEA52A1C9ADD005D65DF /* LaunchScreen.storyboard in Resources */,
				A392DEEC2A262FBB005D65DF /* Pretendard-Regular.otf in Resources */,
				A392DEEB2A262FBB005D65DF /* Pretendard-Medium.otf in Resources */,
				A392DEE92A262FBB005D65DF /* Pretendard-Bold.otf in Resources */,
				A392DEF32A263AE0005D65DF /* loading.json in Resources */,
				A392DEA22A1C9ADD005D65DF /* Assets.xcassets in Resources */,
				A392DEEA2A262FBB005D65DF /* Pretendard-SemiBold.otf in Resources */,
			);
			runOnlyForDeploymentPostprocessing = 0;
		};
/* End PBXResourcesBuildPhase section */

/* Begin PBXSourcesBuildPhase section */
		A392DE912A1C9ADB005D65DF /* Sources */ = {
			isa = PBXSourcesBuildPhase;
			buildActionMask = 2147483647;
			files = (
				A392DEDC2A25D19E005D65DF /* RecipeVC.swift in Sources */,
				A392DED52A25CADA005D65DF /* RecipeRouter.swift in Sources */,
				A392DEC12A24A1B8005D65DF /* FontLiterals.swift in Sources */,
				A392DEE02A262AF1005D65DF /* ColorLiterals.swift in Sources */,
				A392DE992A1C9ADC005D65DF /* AppDelegate.swift in Sources */,
				A392DEEE2A2638B3005D65DF /* LoadingVC.swift in Sources */,
				A392DEDE2A262A75005D65DF /* ImageLiterals.swift in Sources */,
				A392DE9B2A1C9ADC005D65DF /* SceneDelegate.swift in Sources */,
				A392DED32A25CA5E005D65DF /* Config.swift in Sources */,
				A392DEE42A262D0C005D65DF /* UIView+.swift in Sources */,
				A392DED82A25CBF1005D65DF /* RecipeResponseDto.swift in Sources */,
				A392DEDA2A25D0FE005D65DF /* BaseResponse.swift in Sources */,
			);
			runOnlyForDeploymentPostprocessing = 0;
		};
/* End PBXSourcesBuildPhase section */

/* Begin PBXVariantGroup section */
		A392DEA32A1C9ADD005D65DF /* LaunchScreen.storyboard */ = {
			isa = PBXVariantGroup;
			children = (
				A392DEA42A1C9ADD005D65DF /* Base */,
			);
			name = LaunchScreen.storyboard;
			sourceTree = "<group>";
		};
/* End PBXVariantGroup section */

/* Begin XCBuildConfiguration section */
		A392DEA72A1C9ADD005D65DF /* Debug */ = {
			isa = XCBuildConfiguration;
			buildSettings = {
				ALWAYS_SEARCH_USER_PATHS = NO;
				CLANG_ANALYZER_NONNULL = YES;
				CLANG_ANALYZER_NUMBER_OBJECT_CONVERSION = YES_AGGRESSIVE;
				CLANG_CXX_LANGUAGE_STANDARD = "gnu++20";
				CLANG_ENABLE_MODULES = YES;
				CLANG_ENABLE_OBJC_ARC = YES;
				CLANG_ENABLE_OBJC_WEAK = YES;
				CLANG_WARN_BLOCK_CAPTURE_AUTORELEASING = YES;
				CLANG_WARN_BOOL_CONVERSION = YES;
				CLANG_WARN_COMMA = YES;
				CLANG_WARN_CONSTANT_CONVERSION = YES;
				CLANG_WARN_DEPRECATED_OBJC_IMPLEMENTATIONS = YES;
				CLANG_WARN_DIRECT_OBJC_ISA_USAGE = YES_ERROR;
				CLANG_WARN_DOCUMENTATION_COMMENTS = YES;
				CLANG_WARN_EMPTY_BODY = YES;
				CLANG_WARN_ENUM_CONVERSION = YES;
				CLANG_WARN_INFINITE_RECURSION = YES;
				CLANG_WARN_INT_CONVERSION = YES;
				CLANG_WARN_NON_LITERAL_NULL_CONVERSION = YES;
				CLANG_WARN_OBJC_IMPLICIT_RETAIN_SELF = YES;
				CLANG_WARN_OBJC_LITERAL_CONVERSION = YES;
				CLANG_WARN_OBJC_ROOT_CLASS = YES_ERROR;
				CLANG_WARN_QUOTED_INCLUDE_IN_FRAMEWORK_HEADER = YES;
				CLANG_WARN_RANGE_LOOP_ANALYSIS = YES;
				CLANG_WARN_STRICT_PROTOTYPES = YES;
				CLANG_WARN_SUSPICIOUS_MOVE = YES;
				CLANG_WARN_UNGUARDED_AVAILABILITY = YES_AGGRESSIVE;
				CLANG_WARN_UNREACHABLE_CODE = YES;
				CLANG_WARN__DUPLICATE_METHOD_MATCH = YES;
				COPY_PHASE_STRIP = NO;
				DEBUG_INFORMATION_FORMAT = dwarf;
				ENABLE_STRICT_OBJC_MSGSEND = YES;
				ENABLE_TESTABILITY = YES;
				GCC_C_LANGUAGE_STANDARD = gnu11;
				GCC_DYNAMIC_NO_PIC = NO;
				GCC_NO_COMMON_BLOCKS = YES;
				GCC_OPTIMIZATION_LEVEL = 0;
				GCC_PREPROCESSOR_DEFINITIONS = (
					"DEBUG=1",
					"$(inherited)",
				);
				GCC_WARN_64_TO_32_BIT_CONVERSION = YES;
				GCC_WARN_ABOUT_RETURN_TYPE = YES_ERROR;
				GCC_WARN_UNDECLARED_SELECTOR = YES;
				GCC_WARN_UNINITIALIZED_AUTOS = YES_AGGRESSIVE;
				GCC_WARN_UNUSED_FUNCTION = YES;
				GCC_WARN_UNUSED_VARIABLE = YES;
				IPHONEOS_DEPLOYMENT_TARGET = 16.4;
				MTL_ENABLE_DEBUG_INFO = INCLUDE_SOURCE;
				MTL_FAST_MATH = YES;
				ONLY_ACTIVE_ARCH = YES;
				SDKROOT = iphoneos;
				SWIFT_ACTIVE_COMPILATION_CONDITIONS = DEBUG;
				SWIFT_OPTIMIZATION_LEVEL = "-Onone";
			};
			name = Debug;
		};
		A392DEA82A1C9ADD005D65DF /* Release */ = {
			isa = XCBuildConfiguration;
			buildSettings = {
				ALWAYS_SEARCH_USER_PATHS = NO;
				CLANG_ANALYZER_NONNULL = YES;
				CLANG_ANALYZER_NUMBER_OBJECT_CONVERSION = YES_AGGRESSIVE;
				CLANG_CXX_LANGUAGE_STANDARD = "gnu++20";
				CLANG_ENABLE_MODULES = YES;
				CLANG_ENABLE_OBJC_ARC = YES;
				CLANG_ENABLE_OBJC_WEAK = YES;
				CLANG_WARN_BLOCK_CAPTURE_AUTORELEASING = YES;
				CLANG_WARN_BOOL_CONVERSION = YES;
				CLANG_WARN_COMMA = YES;
				CLANG_WARN_CONSTANT_CONVERSION = YES;
				CLANG_WARN_DEPRECATED_OBJC_IMPLEMENTATIONS = YES;
				CLANG_WARN_DIRECT_OBJC_ISA_USAGE = YES_ERROR;
				CLANG_WARN_DOCUMENTATION_COMMENTS = YES;
				CLANG_WARN_EMPTY_BODY = YES;
				CLANG_WARN_ENUM_CONVERSION = YES;
				CLANG_WARN_INFINITE_RECURSION = YES;
				CLANG_WARN_INT_CONVERSION = YES;
				CLANG_WARN_NON_LITERAL_NULL_CONVERSION = YES;
				CLANG_WARN_OBJC_IMPLICIT_RETAIN_SELF = YES;
				CLANG_WARN_OBJC_LITERAL_CONVERSION = YES;
				CLANG_WARN_OBJC_ROOT_CLASS = YES_ERROR;
				CLANG_WARN_QUOTED_INCLUDE_IN_FRAMEWORK_HEADER = YES;
				CLANG_WARN_RANGE_LOOP_ANALYSIS = YES;
				CLANG_WARN_STRICT_PROTOTYPES = YES;
				CLANG_WARN_SUSPICIOUS_MOVE = YES;
				CLANG_WARN_UNGUARDED_AVAILABILITY = YES_AGGRESSIVE;
				CLANG_WARN_UNREACHABLE_CODE = YES;
				CLANG_WARN__DUPLICATE_METHOD_MATCH = YES;
				COPY_PHASE_STRIP = NO;
				DEBUG_INFORMATION_FORMAT = "dwarf-with-dsym";
				ENABLE_NS_ASSERTIONS = NO;
				ENABLE_STRICT_OBJC_MSGSEND = YES;
				GCC_C_LANGUAGE_STANDARD = gnu11;
				GCC_NO_COMMON_BLOCKS = YES;
				GCC_WARN_64_TO_32_BIT_CONVERSION = YES;
				GCC_WARN_ABOUT_RETURN_TYPE = YES_ERROR;
				GCC_WARN_UNDECLARED_SELECTOR = YES;
				GCC_WARN_UNINITIALIZED_AUTOS = YES_AGGRESSIVE;
				GCC_WARN_UNUSED_FUNCTION = YES;
				GCC_WARN_UNUSED_VARIABLE = YES;
				IPHONEOS_DEPLOYMENT_TARGET = 16.4;
				MTL_ENABLE_DEBUG_INFO = NO;
				MTL_FAST_MATH = YES;
				SDKROOT = iphoneos;
				SWIFT_COMPILATION_MODE = wholemodule;
				SWIFT_OPTIMIZATION_LEVEL = "-O";
				VALIDATE_PRODUCT = YES;
			};
			name = Release;
		};
		A392DEAA2A1C9ADD005D65DF /* Debug */ = {
			isa = XCBuildConfiguration;
			buildSettings = {
				ASSETCATALOG_COMPILER_APPICON_NAME = AppIcon;
				ASSETCATALOG_COMPILER_GLOBAL_ACCENT_COLOR_NAME = AccentColor;
				CODE_SIGN_STYLE = Automatic;
				CURRENT_PROJECT_VERSION = 1;
				DEVELOPMENT_TEAM = 6HZXVG38W6;
				GENERATE_INFOPLIST_FILE = YES;
				IBSC_COMPILER_AUTO_ACTIVATE_CUSTOM_FONTS = YES;
				INFOPLIST_FILE = "2023-ML-Project/Info.plist";
				INFOPLIST_KEY_NSCameraUsageDescription = "";
				INFOPLIST_KEY_NSPhotoLibraryUsageDescription = "";
				INFOPLIST_KEY_UIApplicationSupportsIndirectInputEvents = YES;
				INFOPLIST_KEY_UILaunchStoryboardName = LaunchScreen;
				INFOPLIST_KEY_UIMainStoryboardFile = "";
				INFOPLIST_KEY_UISupportedInterfaceOrientations_iPad = "UIInterfaceOrientationPortrait UIInterfaceOrientationPortraitUpsideDown UIInterfaceOrientationLandscapeLeft UIInterfaceOrientationLandscapeRight";
				INFOPLIST_KEY_UISupportedInterfaceOrientations_iPhone = "UIInterfaceOrientationPortrait UIInterfaceOrientationLandscapeLeft UIInterfaceOrientationLandscapeRight";
				LD_RUNPATH_SEARCH_PATHS = (
					"$(inherited)",
					"@executable_path/Frameworks",
				);
				MARKETING_VERSION = 1.0;
				PRODUCT_BUNDLE_IDENTIFIER = "dlwogus0128.-023-ML-Project";
				PRODUCT_NAME = "$(TARGET_NAME)";
				SWIFT_EMIT_LOC_STRINGS = YES;
				SWIFT_VERSION = 5.0;
				TARGETED_DEVICE_FAMILY = "1,2";
			};
			name = Debug;
		};
		A392DEAB2A1C9ADD005D65DF /* Release */ = {
			isa = XCBuildConfiguration;
			buildSettings = {
				ASSETCATALOG_COMPILER_APPICON_NAME = AppIcon;
				ASSETCATALOG_COMPILER_GLOBAL_ACCENT_COLOR_NAME = AccentColor;
				CODE_SIGN_STYLE = Automatic;
				CURRENT_PROJECT_VERSION = 1;
				DEVELOPMENT_TEAM = 6HZXVG38W6;
				GENERATE_INFOPLIST_FILE = YES;
				IBSC_COMPILER_AUTO_ACTIVATE_CUSTOM_FONTS = YES;
				INFOPLIST_FILE = "2023-ML-Project/Info.plist";
				INFOPLIST_KEY_NSCameraUsageDescription = "";
				INFOPLIST_KEY_NSPhotoLibraryUsageDescription = "";
				INFOPLIST_KEY_UIApplicationSupportsIndirectInputEvents = YES;
				INFOPLIST_KEY_UILaunchStoryboardName = LaunchScreen;
				INFOPLIST_KEY_UIMainStoryboardFile = "";
				INFOPLIST_KEY_UISupportedInterfaceOrientations_iPad = "UIInterfaceOrientationPortrait UIInterfaceOrientationPortraitUpsideDown UIInterfaceOrientationLandscapeLeft UIInterfaceOrientationLandscapeRight";
				INFOPLIST_KEY_UISupportedInterfaceOrientations_iPhone = "UIInterfaceOrientationPortrait UIInterfaceOrientationLandscapeLeft UIInterfaceOrientationLandscapeRight";
				LD_RUNPATH_SEARCH_PATHS = (
					"$(inherited)",
					"@executable_path/Frameworks",
				);
				MARKETING_VERSION = 1.0;
				PRODUCT_BUNDLE_IDENTIFIER = "dlwogus0128.-023-ML-Project";
				PRODUCT_NAME = "$(TARGET_NAME)";
				SWIFT_EMIT_LOC_STRINGS = YES;
				SWIFT_VERSION = 5.0;
				TARGETED_DEVICE_FAMILY = "1,2";
			};
			name = Release;
		};
/* End XCBuildConfiguration section */

/* Begin XCConfigurationList section */
		A392DE902A1C9ADB005D65DF /* Build configuration list for PBXProject "2023-ML-Project" */ = {
			isa = XCConfigurationList;
			buildConfigurations = (
				A392DEA72A1C9ADD005D65DF /* Debug */,
				A392DEA82A1C9ADD005D65DF /* Release */,
			);
			defaultConfigurationIsVisible = 0;
			defaultConfigurationName = Release;
		};
		A392DEA92A1C9ADD005D65DF /* Build configuration list for PBXNativeTarget "2023-ML-Project" */ = {
			isa = XCConfigurationList;
			buildConfigurations = (
				A392DEAA2A1C9ADD005D65DF /* Debug */,
				A392DEAB2A1C9ADD005D65DF /* Release */,
			);
			defaultConfigurationIsVisible = 0;
			defaultConfigurationName = Release;
		};
/* End XCConfigurationList section */

/* Begin XCRemoteSwiftPackageReference section */
		A392DEC22A25C87C005D65DF /* XCRemoteSwiftPackageReference "SnapKit" */ = {
			isa = XCRemoteSwiftPackageReference;
			repositoryURL = "https://github.com/SnapKit/SnapKit.git";
			requirement = {
				kind = upToNextMajorVersion;
				minimumVersion = 5.0.0;
			};
		};
		A392DEC52A25C888005D65DF /* XCRemoteSwiftPackageReference "Then" */ = {
			isa = XCRemoteSwiftPackageReference;
			repositoryURL = "https://github.com/devxoul/Then.git";
			requirement = {
				kind = upToNextMajorVersion;
				minimumVersion = 3.0.0;
			};
		};
		A392DEC82A25C94D005D65DF /* XCRemoteSwiftPackageReference "Moya" */ = {
			isa = XCRemoteSwiftPackageReference;
			repositoryURL = "https://github.com/Moya/Moya.git";
			requirement = {
				kind = upToNextMajorVersion;
				minimumVersion = 15.0.0;
			};
		};
		A392DECB2A25C95F005D65DF /* XCRemoteSwiftPackageReference "Kingfisher" */ = {
			isa = XCRemoteSwiftPackageReference;
			repositoryURL = "https://github.com/onevcat/Kingfisher.git";
			requirement = {
				kind = upToNextMajorVersion;
				minimumVersion = 7.0.0;
			};
		};
		A392DEEF2A263960005D65DF /* XCRemoteSwiftPackageReference "lottie-ios" */ = {
			isa = XCRemoteSwiftPackageReference;
			repositoryURL = "https://github.com/airbnb/lottie-ios.git";
			requirement = {
				kind = upToNextMajorVersion;
				minimumVersion = 4.0.0;
			};
		};
/* End XCRemoteSwiftPackageReference section */

/* Begin XCSwiftPackageProductDependency section */
		A392DEC32A25C87C005D65DF /* SnapKit */ = {
			isa = XCSwiftPackageProductDependency;
			package = A392DEC22A25C87C005D65DF /* XCRemoteSwiftPackageReference "SnapKit" */;
			productName = SnapKit;
		};
		A392DEC62A25C888005D65DF /* Then */ = {
			isa = XCSwiftPackageProductDependency;
			package = A392DEC52A25C888005D65DF /* XCRemoteSwiftPackageReference "Then" */;
			productName = Then;
		};
		A392DEC92A25C94D005D65DF /* Moya */ = {
			isa = XCSwiftPackageProductDependency;
			package = A392DEC82A25C94D005D65DF /* XCRemoteSwiftPackageReference "Moya" */;
			productName = Moya;
		};
		A392DECC2A25C95F005D65DF /* Kingfisher */ = {
			isa = XCSwiftPackageProductDependency;
			package = A392DECB2A25C95F005D65DF /* XCRemoteSwiftPackageReference "Kingfisher" */;
			productName = Kingfisher;
		};
		A392DEF02A263960005D65DF /* Lottie */ = {
			isa = XCSwiftPackageProductDependency;
			package = A392DEEF2A263960005D65DF /* XCRemoteSwiftPackageReference "lottie-ios" */;
			productName = Lottie;
		};
/* End XCSwiftPackageProductDependency section */
	};
	rootObject = A392DE8D2A1C9ADB005D65DF /* Project object */;
}
